
Microsoft Visual Studio Solution File, Format Version 12.00
# Visual Studio Version 17
VisualStudioVersion = 17.2.32630.192
MinimumVisualStudioVersion = 10.0.40219.1
Project("{9A19103F-16F7-4668-BE54-9A1E7A4F7556}") = "StreamDeckTradfri", "StreamDeckTradfri.csproj", "{CF103BE9-130A-4CD7-AC81-89762128C5FE}"
EndProject
Global
	GlobalSection(SolutionConfigurationPlatforms) = preSolution
		Debug|Any CPU = Debug|Any CPU
		Release|Any CPU = Release|Any CPU
	EndGlobalSection
	GlobalSection(ProjectConfigurationPlatforms) = postSolution
		{CF103BE9-130A-4CD7-AC81-89762128C5FE}.Debug|Any CPU.ActiveCfg = Debug|Any CPU
		{CF103BE9-130A-4CD7-AC81-89762128C5FE}.Debug|Any CPU.Build.0 = Debug|Any CPU
		{CF103BE9-130A-4CD7-AC81-89762128C5FE}.Release|Any CPU.ActiveCfg = Release|Any CPU
		{CF103BE9-130A-4CD7-AC81-89762128C5FE}.Release|Any CPU.Build.0 = Release|Any CPU
	EndGlobalSection
	GlobalSection(SolutionProperties) = preSolution
		HideSolutionNode = FALSE
	EndGlobalSection
	GlobalSection(ExtensibilityGlobals) = postSolution
		SolutionGuid = {C76C115B-3233-4F9B-A112-B64093A9BAED}
	EndGlobalSection
EndGlobal
